
Microsoft Visual Studio Solution File, Format Version 12.00
# Visual Studio Version 16
VisualStudioVersion = 16.0.32228.343
MinimumVisualStudioVersion = 10.0.40219.1
Project("{8BC9CEB8-8B4A-11D0-8D11-00A0C91BC942}") = "Sandbox", "Sandbox\Sandbox.vcxproj", "{D9332A00-932E-4340-BC05-5127D31A04D1}"
EndProject
Project("{8BC9CEB8-8B4A-11D0-8D11-00A0C91BC942}") = "Simple", "Simple\Simple.vcxproj", "{3F7B0238-4E89-4F57-BA2C-8BE11A3F9226}"
EndProject
Global
	GlobalSection(SolutionConfigurationPlatforms) = preSolution
		Debug|x64 = Debug|x64
		Release|x64 = Release|x64
	EndGlobalSection
	GlobalSection(ProjectConfigurationPlatforms) = postSolution
		{3F7B0238-4E89-4F57-BA2C-8BE11A3F9226}.Debug|x64.ActiveCfg = Debug|x64
		{3F7B0238-4E89-4F57-BA2C-8BE11A3F9226}.Debug|x64.Build.0 = Debug|x64
		{3F7B0238-4E89-4F57-BA2C-8BE11A3F9226}.Release|x64.ActiveCfg = Release|x64
		{3F7B0238-4E89-4F57-BA2C-8BE11A3F9226}.Release|x64.Build.0 = Release|x64
		{D9332A00-932E-4340-BC05-5127D31A04D1}.Debug|x64.ActiveCfg = Debug|x64
		{D9332A00-932E-4340-BC05-5127D31A04D1}.Debug|x64.Build.0 = Debug|x64
		{D9332A00-932E-4340-BC05-5127D31A04D1}.Release|x64.ActiveCfg = Release|x64
		{D9332A00-932E-4340-BC05-5127D31A04D1}.Release|x64.Build.0 = Release|x64
	EndGlobalSection
	GlobalSection(SolutionProperties) = preSolution
		HideSolutionNode = FALSE
	EndGlobalSection
	GlobalSection(ExtensibilityGlobals) = postSolution
		SolutionGuid = {81F56C5D-0E32-4984-95B0-FCD3F46FA872}
	EndGlobalSection
EndGlobal
